
Microsoft Visual Studio Solution File, Format Version 12.00
# Visual Studio Version 16
VisualStudioVersion = 16.0.31624.102
MinimumVisualStudioVersion = 10.0.40219.1
Project("{FAE04EC0-301F-11D3-BF4B-00C04F79EFBC}") = "WebFuturoApi", "WebFuturoApi.csproj", "{EFA00739-3467-4997-8AFF-35ABC9D4B000}"
EndProject
Global
	GlobalSection(SolutionConfigurationPlatforms) = preSolution
		Debug|Any CPU = Debug|Any CPU
		Release|Any CPU = Release|Any CPU
	EndGlobalSection
	GlobalSection(ProjectConfigurationPlatforms) = postSolution
		{EFA00739-3467-4997-8AFF-35ABC9D4B000}.Debug|Any CPU.ActiveCfg = Debug|Any CPU
		{EFA00739-3467-4997-8AFF-35ABC9D4B000}.Debug|Any CPU.Build.0 = Debug|Any CPU
		{EFA00739-3467-4997-8AFF-35ABC9D4B000}.Release|Any CPU.ActiveCfg = Release|Any CPU
		{EFA00739-3467-4997-8AFF-35ABC9D4B000}.Release|Any CPU.Build.0 = Release|Any CPU
	EndGlobalSection
	GlobalSection(SolutionProperties) = preSolution
		HideSolutionNode = FALSE
	EndGlobalSection
	GlobalSection(ExtensibilityGlobals) = postSolution
		SolutionGuid = {3383D61D-2341-4CDB-863C-97A71A146175}
	EndGlobalSection
EndGlobal
